// !$*UTF8*$!
{
	archiveVersion = 1;
	classes = {
	};
	objectVersion = 50;
	objects = {

/* Begin PBXBuildFile section */
		6240B3CC26CE0BA900A03AB2 /* SquareDisplaySceneKitController.swift in Sources */ = {isa = PBXBuildFile; fileRef = 6240B3CB26CE0BA900A03AB2 /* SquareDisplaySceneKitController.swift */; };
		6240B3D726CE114B00A03AB2 /* shaderModifier.vertex in Resources */ = {isa = PBXBuildFile; fileRef = 6240B3D526CE114B00A03AB2 /* shaderModifier.vertex */; };
		6240B3D826CE114B00A03AB2 /* shaderModifier.fragment in Resources */ = {isa = PBXBuildFile; fileRef = 6240B3D626CE114B00A03AB2 /* shaderModifier.fragment */; };
		627792EE26BD8CFB0027B89D /* LifeData.swift in Sources */ = {isa = PBXBuildFile; fileRef = 627792ED26BD8CFB0027B89D /* LifeData.swift */; };
		627F451626C70993009D68DC /* ConwaysTests.swift in Sources */ = {isa = PBXBuildFile; fileRef = 627F451526C70993009D68DC /* ConwaysTests.swift */; };
		627F452026C709BA009D68DC /* CubeDataSetTests.swift in Sources */ = {isa = PBXBuildFile; fileRef = 627F451F26C709BA009D68DC /* CubeDataSetTests.swift */; };
		6288F71526BDD13500E9BCBB /* SquareDataSet.swift in Sources */ = {isa = PBXBuildFile; fileRef = 6288F71426BDD13500E9BCBB /* SquareDataSet.swift */; };
		6288F71A26BDD52B00E9BCBB /* CubeDataSet.swift in Sources */ = {isa = PBXBuildFile; fileRef = 6288F71926BDD52B00E9BCBB /* CubeDataSet.swift */; };
		6291FF8726A1FA1D00006438 /* AppDelegate.swift in Sources */ = {isa = PBXBuildFile; fileRef = 6291FF8626A1FA1D00006438 /* AppDelegate.swift */; };
		6291FF8926A1FA1D00006438 /* SceneDelegate.swift in Sources */ = {isa = PBXBuildFile; fileRef = 6291FF8826A1FA1D00006438 /* SceneDelegate.swift */; };
		6291FF8B26A1FA1D00006438 /* ConwaysViewController.swift in Sources */ = {isa = PBXBuildFile; fileRef = 6291FF8A26A1FA1D00006438 /* ConwaysViewController.swift */; };
		6291FF8E26A1FA1D00006438 /* Main.storyboard in Resources */ = {isa = PBXBuildFile; fileRef = 6291FF8C26A1FA1D00006438 /* Main.storyboard */; };
		6291FF9026A1FA2000006438 /* Assets.xcassets in Resources */ = {isa = PBXBuildFile; fileRef = 6291FF8F26A1FA2000006438 /* Assets.xcassets */; };
		6291FF9326A1FA2000006438 /* LaunchScreen.storyboard in Resources */ = {isa = PBXBuildFile; fileRef = 6291FF9126A1FA2000006438 /* LaunchScreen.storyboard */; };
		6291FFA726A202C000006438 /* LifeCollectionViewCell.swift in Sources */ = {isa = PBXBuildFile; fileRef = 6291FFA526A202C000006438 /* LifeCollectionViewCell.swift */; };
		6291FFA826A202C000006438 /* LifeCollectionViewCell.xib in Resources */ = {isa = PBXBuildFile; fileRef = 6291FFA626A202C000006438 /* LifeCollectionViewCell.xib */; };
		6291FFAF26A2115000006438 /* ConwaysGameEngine.swift in Sources */ = {isa = PBXBuildFile; fileRef = 6291FFAE26A2115000006438 /* ConwaysGameEngine.swift */; };
		6294BFBB26AB395100788427 /* AppSettings.swift in Sources */ = {isa = PBXBuildFile; fileRef = 6294BFBA26AB395100788427 /* AppSettings.swift */; };
		6294BFC626AB400400788427 /* FlattenedCubeViewController.swift in Sources */ = {isa = PBXBuildFile; fileRef = 6294BFC526AB400400788427 /* FlattenedCubeViewController.swift */; };
		62A4545E26FE4A1300CEBB87 /* Shader.metal in Sources */ = {isa = PBXBuildFile; fileRef = 62A4545D26FE4A1300CEBB87 /* Shader.metal */; };
		62A4546126FFC8DE00CEBB87 /* MetalViewController.swift in Sources */ = {isa = PBXBuildFile; fileRef = 62A4546026FFC8DE00CEBB87 /* MetalViewController.swift */; };
		62A4546326FFC90000CEBB87 /* Renderer.swift in Sources */ = {isa = PBXBuildFile; fileRef = 62A4546226FFC90000CEBB87 /* Renderer.swift */; };
		62A4546626FFC9E800CEBB87 /* MathUtilities.swift in Sources */ = {isa = PBXBuildFile; fileRef = 62A4546526FFC9E800CEBB87 /* MathUtilities.swift */; };
		7D60E69026FFD70800ABF9D9 /* Program.metal in Sources */ = {isa = PBXBuildFile; fileRef = 7D60E68F26FFD70800ABF9D9 /* Program.metal */; };
		7D60E69826FFDA9900ABF9D9 /* ShaderUtilities.swift in Sources */ = {isa = PBXBuildFile; fileRef = 7D60E69726FFDA9900ABF9D9 /* ShaderUtilities.swift */; };
		7D6A9D8926A4B39600C4ACA4 /* SquareDisplayViewController.swift in Sources */ = {isa = PBXBuildFile; fileRef = 7D6A9D8826A4B39600C4ACA4 /* SquareDisplayViewController.swift */; };
		7D6A9D8C26A4B3D400C4ACA4 /* ConwaysCoreGraphicsView.swift in Sources */ = {isa = PBXBuildFile; fileRef = 7D6A9D8B26A4B3D400C4ACA4 /* ConwaysCoreGraphicsView.swift */; };
		7D8443F326FFD028001583CD /* cube.obj in Resources */ = {isa = PBXBuildFile; fileRef = 7D8443F226FFD028001583CD /* cube.obj */; };
		7D8443F926FFD13D001583CD /* square.obj in Resources */ = {isa = PBXBuildFile; fileRef = 7D8443F826FFD13D001583CD /* square.obj */; };
/* End PBXBuildFile section */

/* Begin PBXContainerItemProxy section */
		627F451826C70993009D68DC /* PBXContainerItemProxy */ = {
			isa = PBXContainerItemProxy;
			containerPortal = 6291FF7B26A1FA1D00006438 /* Project object */;
			proxyType = 1;
			remoteGlobalIDString = 6291FF8226A1FA1D00006438;
			remoteInfo = Conways;
		};
/* End PBXContainerItemProxy section */

/* Begin PBXFileReference section */
		6240B3CB26CE0BA900A03AB2 /* SquareDisplaySceneKitController.swift */ = {isa = PBXFileReference; lastKnownFileType = sourcecode.swift; path = SquareDisplaySceneKitController.swift; sourceTree = "<group>"; };
		6240B3D526CE114B00A03AB2 /* shaderModifier.vertex */ = {isa = PBXFileReference; fileEncoding = 4; lastKnownFileType = sourcecode.glsl; path = shaderModifier.vertex; sourceTree = "<group>"; };
		6240B3D626CE114B00A03AB2 /* shaderModifier.fragment */ = {isa = PBXFileReference; fileEncoding = 4; lastKnownFileType = sourcecode.glsl; path = shaderModifier.fragment; sourceTree = "<group>"; };
		627792ED26BD8CFB0027B89D /* LifeData.swift */ = {isa = PBXFileReference; lastKnownFileType = sourcecode.swift; path = LifeData.swift; sourceTree = "<group>"; };
		627F451326C70992009D68DC /* ConwaysTests.xctest */ = {isa = PBXFileReference; explicitFileType = wrapper.cfbundle; includeInIndex = 0; path = ConwaysTests.xctest; sourceTree = BUILT_PRODUCTS_DIR; };
		627F451526C70993009D68DC /* ConwaysTests.swift */ = {isa = PBXFileReference; lastKnownFileType = sourcecode.swift; path = ConwaysTests.swift; sourceTree = "<group>"; };
		627F451726C70993009D68DC /* Info.plist */ = {isa = PBXFileReference; lastKnownFileType = text.plist.xml; path = Info.plist; sourceTree = "<group>"; };
		627F451F26C709BA009D68DC /* CubeDataSetTests.swift */ = {isa = PBXFileReference; lastKnownFileType = sourcecode.swift; path = CubeDataSetTests.swift; sourceTree = "<group>"; };
		6288F71426BDD13500E9BCBB /* SquareDataSet.swift */ = {isa = PBXFileReference; lastKnownFileType = sourcecode.swift; path = SquareDataSet.swift; sourceTree = "<group>"; };
		6288F71926BDD52B00E9BCBB /* CubeDataSet.swift */ = {isa = PBXFileReference; lastKnownFileType = sourcecode.swift; path = CubeDataSet.swift; sourceTree = "<group>"; };
		6291FF8326A1FA1D00006438 /* Conways.app */ = {isa = PBXFileReference; explicitFileType = wrapper.application; includeInIndex = 0; path = Conways.app; sourceTree = BUILT_PRODUCTS_DIR; };
		6291FF8626A1FA1D00006438 /* AppDelegate.swift */ = {isa = PBXFileReference; lastKnownFileType = sourcecode.swift; path = AppDelegate.swift; sourceTree = "<group>"; };
		6291FF8826A1FA1D00006438 /* SceneDelegate.swift */ = {isa = PBXFileReference; lastKnownFileType = sourcecode.swift; path = SceneDelegate.swift; sourceTree = "<group>"; };
		6291FF8A26A1FA1D00006438 /* ConwaysViewController.swift */ = {isa = PBXFileReference; lastKnownFileType = sourcecode.swift; path = ConwaysViewController.swift; sourceTree = "<group>"; };
		6291FF8D26A1FA1D00006438 /* Base */ = {isa = PBXFileReference; lastKnownFileType = file.storyboard; name = Base; path = Base.lproj/Main.storyboard; sourceTree = "<group>"; };
		6291FF8F26A1FA2000006438 /* Assets.xcassets */ = {isa = PBXFileReference; lastKnownFileType = folder.assetcatalog; path = Assets.xcassets; sourceTree = "<group>"; };
		6291FF9226A1FA2000006438 /* Base */ = {isa = PBXFileReference; lastKnownFileType = file.storyboard; name = Base; path = Base.lproj/LaunchScreen.storyboard; sourceTree = "<group>"; };
		6291FF9426A1FA2000006438 /* Info.plist */ = {isa = PBXFileReference; lastKnownFileType = text.plist.xml; path = Info.plist; sourceTree = "<group>"; };
		6291FFA526A202C000006438 /* LifeCollectionViewCell.swift */ = {isa = PBXFileReference; lastKnownFileType = sourcecode.swift; path = LifeCollectionViewCell.swift; sourceTree = "<group>"; };
		6291FFA626A202C000006438 /* LifeCollectionViewCell.xib */ = {isa = PBXFileReference; lastKnownFileType = file.xib; path = LifeCollectionViewCell.xib; sourceTree = "<group>"; };
		6291FFAE26A2115000006438 /* ConwaysGameEngine.swift */ = {isa = PBXFileReference; lastKnownFileType = sourcecode.swift; path = ConwaysGameEngine.swift; sourceTree = "<group>"; };
		6294BFBA26AB395100788427 /* AppSettings.swift */ = {isa = PBXFileReference; lastKnownFileType = sourcecode.swift; path = AppSettings.swift; sourceTree = "<group>"; };
		6294BFC526AB400400788427 /* FlattenedCubeViewController.swift */ = {isa = PBXFileReference; lastKnownFileType = sourcecode.swift; path = FlattenedCubeViewController.swift; sourceTree = "<group>"; };
		62A4545D26FE4A1300CEBB87 /* Shader.metal */ = {isa = PBXFileReference; lastKnownFileType = sourcecode.metal; path = Shader.metal; sourceTree = "<group>"; };
		62A4546026FFC8DE00CEBB87 /* MetalViewController.swift */ = {isa = PBXFileReference; lastKnownFileType = sourcecode.swift; path = MetalViewController.swift; sourceTree = "<group>"; };
		62A4546226FFC90000CEBB87 /* Renderer.swift */ = {isa = PBXFileReference; lastKnownFileType = sourcecode.swift; path = Renderer.swift; sourceTree = "<group>"; };
		62A4546526FFC9E800CEBB87 /* MathUtilities.swift */ = {isa = PBXFileReference; lastKnownFileType = sourcecode.swift; path = MathUtilities.swift; sourceTree = "<group>"; };
		7D60E68F26FFD70800ABF9D9 /* Program.metal */ = {isa = PBXFileReference; lastKnownFileType = sourcecode.metal; path = Program.metal; sourceTree = "<group>"; };
		7D60E69726FFDA9900ABF9D9 /* ShaderUtilities.swift */ = {isa = PBXFileReference; lastKnownFileType = sourcecode.swift; path = ShaderUtilities.swift; sourceTree = "<group>"; };
		7D6A9D8826A4B39600C4ACA4 /* SquareDisplayViewController.swift */ = {isa = PBXFileReference; lastKnownFileType = sourcecode.swift; path = SquareDisplayViewController.swift; sourceTree = "<group>"; };
		7D6A9D8B26A4B3D400C4ACA4 /* ConwaysCoreGraphicsView.swift */ = {isa = PBXFileReference; lastKnownFileType = sourcecode.swift; path = ConwaysCoreGraphicsView.swift; sourceTree = "<group>"; };
		7D8443F226FFD028001583CD /* cube.obj */ = {isa = PBXFileReference; lastKnownFileType = text; path = cube.obj; sourceTree = "<group>"; };
		7D8443F826FFD13D001583CD /* square.obj */ = {isa = PBXFileReference; lastKnownFileType = text; path = square.obj; sourceTree = "<group>"; };
/* End PBXFileReference section */

/* Begin PBXFrameworksBuildPhase section */
		627F451026C70992009D68DC /* Frameworks */ = {
			isa = PBXFrameworksBuildPhase;
			buildActionMask = 2147483647;
			files = (
			);
			runOnlyForDeploymentPostprocessing = 0;
		};
		6291FF8026A1FA1D00006438 /* Frameworks */ = {
			isa = PBXFrameworksBuildPhase;
			buildActionMask = 2147483647;
			files = (
			);
			runOnlyForDeploymentPostprocessing = 0;
		};
/* End PBXFrameworksBuildPhase section */

/* Begin PBXGroup section */
		6240B3CA26CE09FF00A03AB2 /* SceneKit */ = {
			isa = PBXGroup;
			children = (
				7D60E68E26FFD67700ABF9D9 /* SCNProgram */,
				62A4545726FE3D9D00CEBB87 /* ShaderModifier */,
				6240B3CB26CE0BA900A03AB2 /* SquareDisplaySceneKitController.swift */,
			);
			path = SceneKit;
			sourceTree = "<group>";
		};
		627792F026BD8E750027B89D /* Engine */ = {
			isa = PBXGroup;
			children = (
				627792ED26BD8CFB0027B89D /* LifeData.swift */,
				6291FFAE26A2115000006438 /* ConwaysGameEngine.swift */,
			);
			path = Engine;
			sourceTree = "<group>";
		};
		627F451426C70993009D68DC /* ConwaysTests */ = {
			isa = PBXGroup;
			children = (
				627F451526C70993009D68DC /* ConwaysTests.swift */,
				627F451726C70993009D68DC /* Info.plist */,
				627F451F26C709BA009D68DC /* CubeDataSetTests.swift */,
			);
			path = ConwaysTests;
			sourceTree = "<group>";
		};
		6288F71E26BDD66A00E9BCBB /* UI */ = {
			isa = PBXGroup;
			children = (
				6294BFC526AB400400788427 /* FlattenedCubeViewController.swift */,
			);
			path = UI;
			sourceTree = "<group>";
		};
		6291FF7A26A1FA1D00006438 = {
			isa = PBXGroup;
			children = (
				6291FF8526A1FA1D00006438 /* Conways */,
				627F451426C70993009D68DC /* ConwaysTests */,
				6291FF8426A1FA1D00006438 /* Products */,
			);
			sourceTree = "<group>";
		};
		6291FF8426A1FA1D00006438 /* Products */ = {
			isa = PBXGroup;
			children = (
				6291FF8326A1FA1D00006438 /* Conways.app */,
				627F451326C70992009D68DC /* ConwaysTests.xctest */,
			);
			name = Products;
			sourceTree = "<group>";
		};
		6291FF8526A1FA1D00006438 /* Conways */ = {
			isa = PBXGroup;
			children = (
				6294BFBA26AB395100788427 /* AppSettings.swift */,
				627792F026BD8E750027B89D /* Engine */,
				6294BFB926AB38A600788427 /* Cube */,
				6294BFB726AB388900788427 /* Square */,
				62A4546426FFC9DC00CEBB87 /* Utilities */,
				6294BFBE26AB3F1D00788427 /* Resources */,
				6291FF9426A1FA2000006438 /* Info.plist */,
			);
			path = Conways;
			sourceTree = "<group>";
		};
		6291FFAB26A20F3200006438 /* CollectionView */ = {
			isa = PBXGroup;
			children = (
				6291FF8A26A1FA1D00006438 /* ConwaysViewController.swift */,
				6291FFA526A202C000006438 /* LifeCollectionViewCell.swift */,
				6291FFA626A202C000006438 /* LifeCollectionViewCell.xib */,
			);
			path = CollectionView;
			sourceTree = "<group>";
		};
		6294BFB726AB388900788427 /* Square */ = {
			isa = PBXGroup;
			children = (
				6288F71426BDD13500E9BCBB /* SquareDataSet.swift */,
				6294BFB826AB389B00788427 /* UI */,
			);
			path = Square;
			sourceTree = "<group>";
		};
		6294BFB826AB389B00788427 /* UI */ = {
			isa = PBXGroup;
			children = (
				62A4545F26FFC8A900CEBB87 /* Metal */,
				6240B3CA26CE09FF00A03AB2 /* SceneKit */,
				7D6A9D8726A4B36D00C4ACA4 /* CoreGraphics */,
				6291FFAB26A20F3200006438 /* CollectionView */,
			);
			path = UI;
			sourceTree = "<group>";
		};
		6294BFB926AB38A600788427 /* Cube */ = {
			isa = PBXGroup;
			children = (
				6288F71926BDD52B00E9BCBB /* CubeDataSet.swift */,
				6288F71E26BDD66A00E9BCBB /* UI */,
			);
			path = Cube;
			sourceTree = "<group>";
		};
		6294BFBE26AB3F1D00788427 /* Resources */ = {
			isa = PBXGroup;
			children = (
				6291FF8626A1FA1D00006438 /* AppDelegate.swift */,
				6291FF8826A1FA1D00006438 /* SceneDelegate.swift */,
				6291FF8C26A1FA1D00006438 /* Main.storyboard */,
				6291FF8F26A1FA2000006438 /* Assets.xcassets */,
				6291FF9126A1FA2000006438 /* LaunchScreen.storyboard */,
			);
			path = Resources;
			sourceTree = "<group>";
		};
		62A4545726FE3D9D00CEBB87 /* ShaderModifier */ = {
			isa = PBXGroup;
			children = (
				6240B3D626CE114B00A03AB2 /* shaderModifier.fragment */,
				6240B3D526CE114B00A03AB2 /* shaderModifier.vertex */,
			);
			path = ShaderModifier;
			sourceTree = "<group>";
		};
		62A4545F26FFC8A900CEBB87 /* Metal */ = {
			isa = PBXGroup;
			children = (
				7D8443F126FFD014001583CD /* Supporting Files */,
				62A4545D26FE4A1300CEBB87 /* Shader.metal */,
				62A4546026FFC8DE00CEBB87 /* MetalViewController.swift */,
				62A4546226FFC90000CEBB87 /* Renderer.swift */,
			);
			path = Metal;
			sourceTree = "<group>";
		};
		62A4546426FFC9DC00CEBB87 /* Utilities */ = {
			isa = PBXGroup;
			children = (
				62A4546526FFC9E800CEBB87 /* MathUtilities.swift */,
				7D60E69726FFDA9900ABF9D9 /* ShaderUtilities.swift */,
			);
			path = Utilities;
			sourceTree = "<group>";
		};
		7D60E68E26FFD67700ABF9D9 /* SCNProgram */ = {
			isa = PBXGroup;
			children = (
				7D60E68F26FFD70800ABF9D9 /* Program.metal */,
			);
			path = SCNProgram;
			sourceTree = "<group>";
		};
		7D6A9D8726A4B36D00C4ACA4 /* CoreGraphics */ = {
			isa = PBXGroup;
			children = (
				7D6A9D8826A4B39600C4ACA4 /* SquareDisplayViewController.swift */,
				7D6A9D8B26A4B3D400C4ACA4 /* ConwaysCoreGraphicsView.swift */,
			);
			path = CoreGraphics;
			sourceTree = "<group>";
		};
		7D8443F126FFD014001583CD /* Supporting Files */ = {
			isa = PBXGroup;
			children = (
				7D8443F226FFD028001583CD /* cube.obj */,
				7D8443F826FFD13D001583CD /* square.obj */,
			);
			path = "Supporting Files";
			sourceTree = "<group>";
		};
/* End PBXGroup section */

/* Begin PBXNativeTarget section */
		627F451226C70992009D68DC /* ConwaysTests */ = {
			isa = PBXNativeTarget;
			buildConfigurationList = 627F451A26C70993009D68DC /* Build configuration list for PBXNativeTarget "ConwaysTests" */;
			buildPhases = (
				627F450F26C70992009D68DC /* Sources */,
				627F451026C70992009D68DC /* Frameworks */,
				627F451126C70992009D68DC /* Resources */,
			);
			buildRules = (
			);
			dependencies = (
				627F451926C70993009D68DC /* PBXTargetDependency */,
			);
			name = ConwaysTests;
			productName = ConwaysTests;
			productReference = 627F451326C70992009D68DC /* ConwaysTests.xctest */;
			productType = "com.apple.product-type.bundle.unit-test";
		};
		6291FF8226A1FA1D00006438 /* Conways */ = {
			isa = PBXNativeTarget;
			buildConfigurationList = 6291FF9726A1FA2000006438 /* Build configuration list for PBXNativeTarget "Conways" */;
			buildPhases = (
				6291FF7F26A1FA1D00006438 /* Sources */,
				6291FF8026A1FA1D00006438 /* Frameworks */,
				6291FF8126A1FA1D00006438 /* Resources */,
			);
			buildRules = (
			);
			dependencies = (
			);
			name = Conways;
			productName = Conways;
			productReference = 6291FF8326A1FA1D00006438 /* Conways.app */;
			productType = "com.apple.product-type.application";
		};
/* End PBXNativeTarget section */

/* Begin PBXProject section */
		6291FF7B26A1FA1D00006438 /* Project object */ = {
			isa = PBXProject;
			attributes = {
				LastSwiftUpdateCheck = 1240;
				LastUpgradeCheck = 1240;
				TargetAttributes = {
					627F451226C70992009D68DC = {
						CreatedOnToolsVersion = 12.4;
						TestTargetID = 6291FF8226A1FA1D00006438;
					};
					6291FF8226A1FA1D00006438 = {
						CreatedOnToolsVersion = 12.4;
						LastSwiftMigration = 1230;
					};
				};
			};
			buildConfigurationList = 6291FF7E26A1FA1D00006438 /* Build configuration list for PBXProject "Conways" */;
			compatibilityVersion = "Xcode 9.3";
			developmentRegion = en;
			hasScannedForEncodings = 0;
			knownRegions = (
				en,
				Base,
			);
			mainGroup = 6291FF7A26A1FA1D00006438;
			productRefGroup = 6291FF8426A1FA1D00006438 /* Products */;
			projectDirPath = "";
			projectRoot = "";
			targets = (
				6291FF8226A1FA1D00006438 /* Conways */,
				627F451226C70992009D68DC /* ConwaysTests */,
			);
		};
/* End PBXProject section */

/* Begin PBXResourcesBuildPhase section */
		627F451126C70992009D68DC /* Resources */ = {
			isa = PBXResourcesBuildPhase;
			buildActionMask = 2147483647;
			files = (
			);
			runOnlyForDeploymentPostprocessing = 0;
		};
		6291FF8126A1FA1D00006438 /* Resources */ = {
			isa = PBXResourcesBuildPhase;
			buildActionMask = 2147483647;
			files = (
				6240B3D826CE114B00A03AB2 /* shaderModifier.fragment in Resources */,
				6291FF9326A1FA2000006438 /* LaunchScreen.storyboard in Resources */,
				7D8443F326FFD028001583CD /* cube.obj in Resources */,
				6291FF9026A1FA2000006438 /* Assets.xcassets in Resources */,
				7D8443F926FFD13D001583CD /* square.obj in Resources */,
				6291FFA826A202C000006438 /* LifeCollectionViewCell.xib in Resources */,
				6291FF8E26A1FA1D00006438 /* Main.storyboard in Resources */,
				6240B3D726CE114B00A03AB2 /* shaderModifier.vertex in Resources */,
			);
			runOnlyForDeploymentPostprocessing = 0;
		};
/* End PBXResourcesBuildPhase section */

/* Begin PBXSourcesBuildPhase section */
		627F450F26C70992009D68DC /* Sources */ = {
			isa = PBXSourcesBuildPhase;
			buildActionMask = 2147483647;
			files = (
				627F451626C70993009D68DC /* ConwaysTests.swift in Sources */,
				627F452026C709BA009D68DC /* CubeDataSetTests.swift in Sources */,
			);
			runOnlyForDeploymentPostprocessing = 0;
		};
		6291FF7F26A1FA1D00006438 /* Sources */ = {
			isa = PBXSourcesBuildPhase;
			buildActionMask = 2147483647;
			files = (
				62A4546626FFC9E800CEBB87 /* MathUtilities.swift in Sources */,
				62A4546326FFC90000CEBB87 /* Renderer.swift in Sources */,
				6294BFC626AB400400788427 /* FlattenedCubeViewController.swift in Sources */,
				7D60E69026FFD70800ABF9D9 /* Program.metal in Sources */,
				6291FF8B26A1FA1D00006438 /* ConwaysViewController.swift in Sources */,
				62A4546126FFC8DE00CEBB87 /* MetalViewController.swift in Sources */,
				6291FF8726A1FA1D00006438 /* AppDelegate.swift in Sources */,
				6291FFAF26A2115000006438 /* ConwaysGameEngine.swift in Sources */,
				6288F71A26BDD52B00E9BCBB /* CubeDataSet.swift in Sources */,
				7D6A9D8C26A4B3D400C4ACA4 /* ConwaysCoreGraphicsView.swift in Sources */,
				6288F71526BDD13500E9BCBB /* SquareDataSet.swift in Sources */,
				6291FFA726A202C000006438 /* LifeCollectionViewCell.swift in Sources */,
				7D60E69826FFDA9900ABF9D9 /* ShaderUtilities.swift in Sources */,
				7D6A9D8926A4B39600C4ACA4 /* SquareDisplayViewController.swift in Sources */,
				6294BFBB26AB395100788427 /* AppSettings.swift in Sources */,
				627792EE26BD8CFB0027B89D /* LifeData.swift in Sources */,
				6291FF8926A1FA1D00006438 /* SceneDelegate.swift in Sources */,
				62A4545E26FE4A1300CEBB87 /* Shader.metal in Sources */,
				6240B3CC26CE0BA900A03AB2 /* SquareDisplaySceneKitController.swift in Sources */,
			);
			runOnlyForDeploymentPostprocessing = 0;
		};
/* End PBXSourcesBuildPhase section */

/* Begin PBXTargetDependency section */
		627F451926C70993009D68DC /* PBXTargetDependency */ = {
			isa = PBXTargetDependency;
			target = 6291FF8226A1FA1D00006438 /* Conways */;
			targetProxy = 627F451826C70993009D68DC /* PBXContainerItemProxy */;
		};
/* End PBXTargetDependency section */

/* Begin PBXVariantGroup section */
		6291FF8C26A1FA1D00006438 /* Main.storyboard */ = {
			isa = PBXVariantGroup;
			children = (
				6291FF8D26A1FA1D00006438 /* Base */,
			);
			name = Main.storyboard;
			sourceTree = "<group>";
		};
		6291FF9126A1FA2000006438 /* LaunchScreen.storyboard */ = {
			isa = PBXVariantGroup;
			children = (
				6291FF9226A1FA2000006438 /* Base */,
			);
			name = LaunchScreen.storyboard;
			sourceTree = "<group>";
		};
/* End PBXVariantGroup section */

/* Begin XCBuildConfiguration section */
		627F451B26C70993009D68DC /* Debug */ = {
			isa = XCBuildConfiguration;
			buildSettings = {
				BUNDLE_LOADER = "$(TEST_HOST)";
				CODE_SIGN_STYLE = Automatic;
				DEVELOPMENT_TEAM = T6HT7F4HUZ;
				INFOPLIST_FILE = ConwaysTests/Info.plist;
				LD_RUNPATH_SEARCH_PATHS = (
					"$(inherited)",
					"@executable_path/Frameworks",
					"@loader_path/Frameworks",
				);
				PRODUCT_BUNDLE_IDENTIFIER = TribalScale.ConwaysTests;
				PRODUCT_NAME = "$(TARGET_NAME)";
				SWIFT_VERSION = 5.0;
				TARGETED_DEVICE_FAMILY = "1,2";
				TEST_HOST = "$(BUILT_PRODUCTS_DIR)/Conways.app/Conways";
			};
			name = Debug;
		};
		627F451C26C70993009D68DC /* Release */ = {
			isa = XCBuildConfiguration;
			buildSettings = {
				BUNDLE_LOADER = "$(TEST_HOST)";
				CODE_SIGN_STYLE = Automatic;
				DEVELOPMENT_TEAM = T6HT7F4HUZ;
				INFOPLIST_FILE = ConwaysTests/Info.plist;
				LD_RUNPATH_SEARCH_PATHS = (
					"$(inherited)",
					"@executable_path/Frameworks",
					"@loader_path/Frameworks",
				);
				PRODUCT_BUNDLE_IDENTIFIER = TribalScale.ConwaysTests;
				PRODUCT_NAME = "$(TARGET_NAME)";
				SWIFT_VERSION = 5.0;
				TARGETED_DEVICE_FAMILY = "1,2";
				TEST_HOST = "$(BUILT_PRODUCTS_DIR)/Conways.app/Conways";
			};
			name = Release;
		};
		6291FF9526A1FA2000006438 /* Debug */ = {
			isa = XCBuildConfiguration;
			buildSettings = {
				ALWAYS_SEARCH_USER_PATHS = NO;
				CLANG_ANALYZER_NONNULL = YES;
				CLANG_ANALYZER_NUMBER_OBJECT_CONVERSION = YES_AGGRESSIVE;
				CLANG_CXX_LANGUAGE_STANDARD = "gnu++14";
				CLANG_CXX_LIBRARY = "libc++";
				CLANG_ENABLE_MODULES = YES;
				CLANG_ENABLE_OBJC_ARC = YES;
				CLANG_ENABLE_OBJC_WEAK = YES;
				CLANG_WARN_BLOCK_CAPTURE_AUTORELEASING = YES;
				CLANG_WARN_BOOL_CONVERSION = YES;
				CLANG_WARN_COMMA = YES;
				CLANG_WARN_CONSTANT_CONVERSION = YES;
				CLANG_WARN_DEPRECATED_OBJC_IMPLEMENTATIONS = YES;
				CLANG_WARN_DIRECT_OBJC_ISA_USAGE = YES_ERROR;
				CLANG_WARN_DOCUMENTATION_COMMENTS = YES;
				CLANG_WARN_EMPTY_BODY = YES;
				CLANG_WARN_ENUM_CONVERSION = YES;
				CLANG_WARN_INFINITE_RECURSION = YES;
				CLANG_WARN_INT_CONVERSION = YES;
				CLANG_WARN_NON_LITERAL_NULL_CONVERSION = YES;
				CLANG_WARN_OBJC_IMPLICIT_RETAIN_SELF = YES;
				CLANG_WARN_OBJC_LITERAL_CONVERSION = YES;
				CLANG_WARN_OBJC_ROOT_CLASS = YES_ERROR;
				CLANG_WARN_QUOTED_INCLUDE_IN_FRAMEWORK_HEADER = YES;
				CLANG_WARN_RANGE_LOOP_ANALYSIS = YES;
				CLANG_WARN_STRICT_PROTOTYPES = YES;
				CLANG_WARN_SUSPICIOUS_MOVE = YES;
				CLANG_WARN_UNGUARDED_AVAILABILITY = YES_AGGRESSIVE;
				CLANG_WARN_UNREACHABLE_CODE = YES;
				CLANG_WARN__DUPLICATE_METHOD_MATCH = YES;
				COPY_PHASE_STRIP = NO;
				DEBUG_INFORMATION_FORMAT = dwarf;
				ENABLE_STRICT_OBJC_MSGSEND = YES;
				ENABLE_TESTABILITY = YES;
				GCC_C_LANGUAGE_STANDARD = gnu11;
				GCC_DYNAMIC_NO_PIC = NO;
				GCC_NO_COMMON_BLOCKS = YES;
				GCC_OPTIMIZATION_LEVEL = 0;
				GCC_PREPROCESSOR_DEFINITIONS = (
					"DEBUG=1",
					"$(inherited)",
				);
				GCC_WARN_64_TO_32_BIT_CONVERSION = YES;
				GCC_WARN_ABOUT_RETURN_TYPE = YES_ERROR;
				GCC_WARN_UNDECLARED_SELECTOR = YES;
				GCC_WARN_UNINITIALIZED_AUTOS = YES_AGGRESSIVE;
				GCC_WARN_UNUSED_FUNCTION = YES;
				GCC_WARN_UNUSED_VARIABLE = YES;
				IPHONEOS_DEPLOYMENT_TARGET = 14.4;
				MTL_ENABLE_DEBUG_INFO = INCLUDE_SOURCE;
				MTL_FAST_MATH = YES;
				ONLY_ACTIVE_ARCH = YES;
				SDKROOT = iphoneos;
				SWIFT_ACTIVE_COMPILATION_CONDITIONS = DEBUG;
				SWIFT_OPTIMIZATION_LEVEL = "-Onone";
			};
			name = Debug;
		};
		6291FF9626A1FA2000006438 /* Release */ = {
			isa = XCBuildConfiguration;
			buildSettings = {
				ALWAYS_SEARCH_USER_PATHS = NO;
				CLANG_ANALYZER_NONNULL = YES;
				CLANG_ANALYZER_NUMBER_OBJECT_CONVERSION = YES_AGGRESSIVE;
				CLANG_CXX_LANGUAGE_STANDARD = "gnu++14";
				CLANG_CXX_LIBRARY = "libc++";
				CLANG_ENABLE_MODULES = YES;
				CLANG_ENABLE_OBJC_ARC = YES;
				CLANG_ENABLE_OBJC_WEAK = YES;
				CLANG_WARN_BLOCK_CAPTURE_AUTORELEASING = YES;
				CLANG_WARN_BOOL_CONVERSION = YES;
				CLANG_WARN_COMMA = YES;
				CLANG_WARN_CONSTANT_CONVERSION = YES;
				CLANG_WARN_DEPRECATED_OBJC_IMPLEMENTATIONS = YES;
				CLANG_WARN_DIRECT_OBJC_ISA_USAGE = YES_ERROR;
				CLANG_WARN_DOCUMENTATION_COMMENTS = YES;
				CLANG_WARN_EMPTY_BODY = YES;
				CLANG_WARN_ENUM_CONVERSION = YES;
				CLANG_WARN_INFINITE_RECURSION = YES;
				CLANG_WARN_INT_CONVERSION = YES;
				CLANG_WARN_NON_LITERAL_NULL_CONVERSION = YES;
				CLANG_WARN_OBJC_IMPLICIT_RETAIN_SELF = YES;
				CLANG_WARN_OBJC_LITERAL_CONVERSION = YES;
				CLANG_WARN_OBJC_ROOT_CLASS = YES_ERROR;
				CLANG_WARN_QUOTED_INCLUDE_IN_FRAMEWORK_HEADER = YES;
				CLANG_WARN_RANGE_LOOP_ANALYSIS = YES;
				CLANG_WARN_STRICT_PROTOTYPES = YES;
				CLANG_WARN_SUSPICIOUS_MOVE = YES;
				CLANG_WARN_UNGUARDED_AVAILABILITY = YES_AGGRESSIVE;
				CLANG_WARN_UNREACHABLE_CODE = YES;
				CLANG_WARN__DUPLICATE_METHOD_MATCH = YES;
				COPY_PHASE_STRIP = NO;
				DEBUG_INFORMATION_FORMAT = "dwarf-with-dsym";
				ENABLE_NS_ASSERTIONS = NO;
				ENABLE_STRICT_OBJC_MSGSEND = YES;
				GCC_C_LANGUAGE_STANDARD = gnu11;
				GCC_NO_COMMON_BLOCKS = YES;
				GCC_WARN_64_TO_32_BIT_CONVERSION = YES;
				GCC_WARN_ABOUT_RETURN_TYPE = YES_ERROR;
				GCC_WARN_UNDECLARED_SELECTOR = YES;
				GCC_WARN_UNINITIALIZED_AUTOS = YES_AGGRESSIVE;
				GCC_WARN_UNUSED_FUNCTION = YES;
				GCC_WARN_UNUSED_VARIABLE = YES;
				IPHONEOS_DEPLOYMENT_TARGET = 14.4;
				MTL_ENABLE_DEBUG_INFO = NO;
				MTL_FAST_MATH = YES;
				SDKROOT = iphoneos;
				SWIFT_COMPILATION_MODE = wholemodule;
				SWIFT_OPTIMIZATION_LEVEL = "-O";
				VALIDATE_PRODUCT = YES;
			};
			name = Release;
		};
		6291FF9826A1FA2000006438 /* Debug */ = {
			isa = XCBuildConfiguration;
			buildSettings = {
				ASSETCATALOG_COMPILER_APPICON_NAME = AppIcon;
				ASSETCATALOG_COMPILER_GLOBAL_ACCENT_COLOR_NAME = AccentColor;
				CLANG_ENABLE_MODULES = YES;
				CODE_SIGN_STYLE = Automatic;
				DEVELOPMENT_TEAM = T6HT7F4HUZ;
				INFOPLIST_FILE = Conways/Info.plist;
				IPHONEOS_DEPLOYMENT_TARGET = 13.1;
				LD_RUNPATH_SEARCH_PATHS = (
					"$(inherited)",
					"@executable_path/Frameworks",
				);
				PRODUCT_BUNDLE_IDENTIFIER = JustinLycklama.Conways;
				PRODUCT_NAME = "$(TARGET_NAME)";
				SWIFT_VERSION = 5.0;
				TARGETED_DEVICE_FAMILY = "1,2";
			};
			name = Debug;
		};
		6291FF9926A1FA2000006438 /* Release */ = {
			isa = XCBuildConfiguration;
			buildSettings = {
				ASSETCATALOG_COMPILER_APPICON_NAME = AppIcon;
				ASSETCATALOG_COMPILER_GLOBAL_ACCENT_COLOR_NAME = AccentColor;
				CLANG_ENABLE_MODULES = YES;
				CODE_SIGN_STYLE = Automatic;
				DEVELOPMENT_TEAM = T6HT7F4HUZ;
				INFOPLIST_FILE = Conways/Info.plist;
				IPHONEOS_DEPLOYMENT_TARGET = 13.1;
				LD_RUNPATH_SEARCH_PATHS = (
					"$(inherited)",
					"@executable_path/Frameworks",
				);
				PRODUCT_BUNDLE_IDENTIFIER = JustinLycklama.Conways;
				PRODUCT_NAME = "$(TARGET_NAME)";
				SWIFT_VERSION = 5.0;
				TARGETED_DEVICE_FAMILY = "1,2";
			};
			name = Release;
		};
/* End XCBuildConfiguration section */

/* Begin XCConfigurationList section */
		627F451A26C70993009D68DC /* Build configuration list for PBXNativeTarget "ConwaysTests" */ = {
			isa = XCConfigurationList;
			buildConfigurations = (
				627F451B26C70993009D68DC /* Debug */,
				627F451C26C70993009D68DC /* Release */,
			);
			defaultConfigurationIsVisible = 0;
			defaultConfigurationName = Release;
		};
		6291FF7E26A1FA1D00006438 /* Build configuration list for PBXProject "Conways" */ = {
			isa = XCConfigurationList;
			buildConfigurations = (
				6291FF9526A1FA2000006438 /* Debug */,
				6291FF9626A1FA2000006438 /* Release */,
			);
			defaultConfigurationIsVisible = 0;
			defaultConfigurationName = Release;
		};
		6291FF9726A1FA2000006438 /* Build configuration list for PBXNativeTarget "Conways" */ = {
			isa = XCConfigurationList;
			buildConfigurations = (
				6291FF9826A1FA2000006438 /* Debug */,
				6291FF9926A1FA2000006438 /* Release */,
			);
			defaultConfigurationIsVisible = 0;
			defaultConfigurationName = Release;
		};
/* End XCConfigurationList section */
	};
	rootObject = 6291FF7B26A1FA1D00006438 /* Project object */;
}
